
Microsoft Visual Studio Solution File, Format Version 11.00
# Visual Studio 2010
Project("{F184B08F-C81C-45F6-A57F-5ABD9991F28F}") = "TesteProjetoVB_01", "TesteProjetoVB_01\TesteProjetoVB_01.vbproj", "{628EC7EF-27E6-4BE2-A885-FF02927C9498}"
EndProject
Global
	GlobalSection(SolutionConfigurationPlatforms) = preSolution
		Debug|Any CPU = Debug|Any CPU
		Release|Any CPU = Release|Any CPU
	EndGlobalSection
	GlobalSection(ProjectConfigurationPlatforms) = postSolution
		{628EC7EF-27E6-4BE2-A885-FF02927C9498}.Debug|Any CPU.ActiveCfg = Debug|Any CPU
		{628EC7EF-27E6-4BE2-A885-FF02927C9498}.Debug|Any CPU.Build.0 = Debug|Any CPU
		{628EC7EF-27E6-4BE2-A885-FF02927C9498}.Release|Any CPU.ActiveCfg = Release|Any CPU
		{628EC7EF-27E6-4BE2-A885-FF02927C9498}.Release|Any CPU.Build.0 = Release|Any CPU
	EndGlobalSection
	GlobalSection(SolutionProperties) = preSolution
		HideSolutionNode = FALSE
	EndGlobalSection
EndGlobal
